// !$*UTF8*$!
{
	archiveVersion = 1;
	classes = {
	};
	objectVersion = 56;
	objects = {

/* Begin PBXBuildFile section */
		5A2478AD2AC1BF9A0090F9C7 /* FirebaseAnalytics in Frameworks */ = {isa = PBXBuildFile; productRef = 5A2478AC2AC1BF9A0090F9C7 /* FirebaseAnalytics */; };
		5A2478AF2AC1BF9A0090F9C7 /* FirebaseAnalyticsWithoutAdIdSupport in Frameworks */ = {isa = PBXBuildFile; productRef = 5A2478AE2AC1BF9A0090F9C7 /* FirebaseAnalyticsWithoutAdIdSupport */; };
		5A2478BC2AC317990090F9C7 /* Localizable.strings in Resources */ = {isa = PBXBuildFile; fileRef = 5A2478BE2AC317990090F9C7 /* Localizable.strings */; };
		5AAAF6092AD051310029D5FD /* GoogleService-Info.plist in Resources */ = {isa = PBXBuildFile; fileRef = 5AAAF6082AD051300029D5FD /* GoogleService-Info.plist */; };
		A60E2E422AC5BC09003AF9F7 /* SFProText-Bold.otf in Resources */ = {isa = PBXBuildFile; fileRef = A60E2E3E2AC5BC09003AF9F7 /* SFProText-Bold.otf */; };
		A60E2E442AC5BC87003AF9F7 /* SFProText-Medium.otf in Resources */ = {isa = PBXBuildFile; fileRef = A60E2E432AC5BC87003AF9F7 /* SFProText-Medium.otf */; };
		A647501C2AA8A1BD00ED0DEC /* Assets.xcassets in Resources */ = {isa = PBXBuildFile; fileRef = A647501B2AA8A1BD00ED0DEC /* Assets.xcassets */; };
		A64750552AA8A23500ED0DEC /* ContentView.swift in Sources */ = {isa = PBXBuildFile; fileRef = A64750542AA8A23500ED0DEC /* ContentView.swift */; };
		A647505A2AA8A2AD00ED0DEC /* FRContentView.swift in Sources */ = {isa = PBXBuildFile; fileRef = A64750592AA8A2AD00ED0DEC /* FRContentView.swift */; };
		A647505C2AA8A2D500ED0DEC /* ARModel.swift in Sources */ = {isa = PBXBuildFile; fileRef = A647505B2AA8A2D500ED0DEC /* ARModel.swift */; };
		A647505E2AA8A2E700ED0DEC /* ARViewModel.swift in Sources */ = {isa = PBXBuildFile; fileRef = A647505D2AA8A2E700ED0DEC /* ARViewModel.swift */; };
		A64750602AA8A30100ED0DEC /* Unity.swift in Sources */ = {isa = PBXBuildFile; fileRef = A647505F2AA8A30100ED0DEC /* Unity.swift */; };
		A64750652AA8A44700ED0DEC /* FaceRealityApp.swift in Sources */ = {isa = PBXBuildFile; fileRef = A64750642AA8A44700ED0DEC /* FaceRealityApp.swift */; };
		A64750682AA8A52C00ED0DEC /* LaunchScreen.storyboard in Resources */ = {isa = PBXBuildFile; fileRef = A64750672AA8A52C00ED0DEC /* LaunchScreen.storyboard */; };
		A647506B2AA8AB8D00ED0DEC /* Emotions.swift in Sources */ = {isa = PBXBuildFile; fileRef = A647506A2AA8AB8D00ED0DEC /* Emotions.swift */; };
		A647506D2AA8ABB100ED0DEC /* InfoPopup.swift in Sources */ = {isa = PBXBuildFile; fileRef = A647506C2AA8ABB100ED0DEC /* InfoPopup.swift */; };
		A647506F2AA8ABDE00ED0DEC /* PopupView.swift in Sources */ = {isa = PBXBuildFile; fileRef = A647506E2AA8ABDE00ED0DEC /* PopupView.swift */; };
		A64750712AA8AC3400ED0DEC /* MusclesExpressionModel.swift in Sources */ = {isa = PBXBuildFile; fileRef = A64750702AA8AC3400ED0DEC /* MusclesExpressionModel.swift */; };
		A64750732AA8ACCE00ED0DEC /* Color.swift in Sources */ = {isa = PBXBuildFile; fileRef = A64750722AA8ACCE00ED0DEC /* Color.swift */; };
		A64750752AA8BD6D00ED0DEC /* OnboardingView.swift in Sources */ = {isa = PBXBuildFile; fileRef = A64750742AA8BD6D00ED0DEC /* OnboardingView.swift */; };
		A69E12862ABDC1B300479221 /* FaceRealityTests.swift in Sources */ = {isa = PBXBuildFile; fileRef = A69E12852ABDC1B300479221 /* FaceRealityTests.swift */; };
		A69E12932ABDC1C100479221 /* FaceRealityUITests.swift in Sources */ = {isa = PBXBuildFile; fileRef = A69E12922ABDC1C100479221 /* FaceRealityUITests.swift */; };
		A69E12952ABDC1C100479221 /* FaceRealityUITestsLaunchTests.swift in Sources */ = {isa = PBXBuildFile; fileRef = A69E12942ABDC1C100479221 /* FaceRealityUITestsLaunchTests.swift */; };
		A6A068C32ABB6B3E005CC2E4 /* UnityFramework.framework in Frameworks */ = {isa = PBXBuildFile; fileRef = A6A068C22ABB6B31005CC2E4 /* UnityFramework.framework */; };
		A6A068C42ABB6B3E005CC2E4 /* UnityFramework.framework in Embed Frameworks */ = {isa = PBXBuildFile; fileRef = A6A068C22ABB6B31005CC2E4 /* UnityFramework.framework */; settings = {ATTRIBUTES = (CodeSignOnCopy, RemoveHeadersOnCopy, ); }; };
		A6A068CA2ABB72B6005CC2E4 /* RedHatDisplay-Italic.ttf in Resources */ = {isa = PBXBuildFile; fileRef = A6A068C82ABB72B6005CC2E4 /* RedHatDisplay-Italic.ttf */; };
		A6A068CB2ABB72B6005CC2E4 /* RedHatDisplay.ttf in Resources */ = {isa = PBXBuildFile; fileRef = A6A068C92ABB72B6005CC2E4 /* RedHatDisplay.ttf */; };
/* End PBXBuildFile section */

/* Begin PBXContainerItemProxy section */
		A69E12872ABDC1B300479221 /* PBXContainerItemProxy */ = {
			isa = PBXContainerItemProxy;
			containerPortal = A64750072AA8A1BC00ED0DEC /* Project object */;
			proxyType = 1;
			remoteGlobalIDString = A647500E2AA8A1BC00ED0DEC;
			remoteInfo = FaceReality;
		};
		A69E12962ABDC1C100479221 /* PBXContainerItemProxy */ = {
			isa = PBXContainerItemProxy;
			containerPortal = A64750072AA8A1BC00ED0DEC /* Project object */;
			proxyType = 1;
			remoteGlobalIDString = A647500E2AA8A1BC00ED0DEC;
			remoteInfo = FaceReality;
		};
		A6A068BD2ABB6B31005CC2E4 /* PBXContainerItemProxy */ = {
			isa = PBXContainerItemProxy;
			containerPortal = A6A068B72ABB6B2C005CC2E4 /* Unity-iPhone.xcodeproj */;
			proxyType = 2;
			remoteGlobalIDString = 1D6058910D05DD3D006BFB54;
			remoteInfo = "Unity-iPhone";
		};
		A6A068BF2ABB6B31005CC2E4 /* PBXContainerItemProxy */ = {
			isa = PBXContainerItemProxy;
			containerPortal = A6A068B72ABB6B2C005CC2E4 /* Unity-iPhone.xcodeproj */;
			proxyType = 2;
			remoteGlobalIDString = 5623C57317FDCB0800090B9E;
			remoteInfo = "Unity-iPhone Tests";
		};
		A6A068C12ABB6B31005CC2E4 /* PBXContainerItemProxy */ = {
			isa = PBXContainerItemProxy;
			containerPortal = A6A068B72ABB6B2C005CC2E4 /* Unity-iPhone.xcodeproj */;
			proxyType = 2;
			remoteGlobalIDString = 9D25AB9D213FB47800354C27;
			remoteInfo = UnityFramework;
		};
/* End PBXContainerItemProxy section */

/* Begin PBXCopyFilesBuildPhase section */
		A64750512AA8A1EA00ED0DEC /* Embed Frameworks */ = {
			isa = PBXCopyFilesBuildPhase;
			buildActionMask = 2147483647;
			dstPath = "";
			dstSubfolderSpec = 10;
			files = (
				A6A068C42ABB6B3E005CC2E4 /* UnityFramework.framework in Embed Frameworks */,
			);
			name = "Embed Frameworks";
			runOnlyForDeploymentPostprocessing = 0;
		};
/* End PBXCopyFilesBuildPhase section */

/* Begin PBXFileReference section */
		5A2478BD2AC317990090F9C7 /* en */ = {isa = PBXFileReference; lastKnownFileType = text.plist.strings; name = en; path = en.lproj/Localizable.strings; sourceTree = "<group>"; };
		5A2478C02AC64FFA0090F9C7 /* de */ = {isa = PBXFileReference; lastKnownFileType = text.plist.strings; name = de; path = de.lproj/Localizable.strings; sourceTree = "<group>"; };
		5A2478C22AC650020090F9C7 /* pt-BR */ = {isa = PBXFileReference; lastKnownFileType = text.plist.strings; name = "pt-BR"; path = "pt-BR.lproj/Localizable.strings"; sourceTree = "<group>"; };
		5A2478C42AC665920090F9C7 /* es */ = {isa = PBXFileReference; lastKnownFileType = text.plist.strings; name = es; path = es.lproj/Localizable.strings; sourceTree = "<group>"; };
		5AAAF6082AD051300029D5FD /* GoogleService-Info.plist */ = {isa = PBXFileReference; fileEncoding = 4; lastKnownFileType = text.plist.xml; name = "GoogleService-Info.plist"; path = "FaceReality/GoogleService-Info.plist"; sourceTree = "<group>"; };
		A60E2E3E2AC5BC09003AF9F7 /* SFProText-Bold.otf */ = {isa = PBXFileReference; lastKnownFileType = file; path = "SFProText-Bold.otf"; sourceTree = "<group>"; };
		A60E2E432AC5BC87003AF9F7 /* SFProText-Medium.otf */ = {isa = PBXFileReference; lastKnownFileType = file; path = "SFProText-Medium.otf"; sourceTree = "<group>"; };
		A647500F2AA8A1BC00ED0DEC /* FaceReality.app */ = {isa = PBXFileReference; explicitFileType = wrapper.application; includeInIndex = 0; path = FaceReality.app; sourceTree = BUILT_PRODUCTS_DIR; };
		A647501B2AA8A1BD00ED0DEC /* Assets.xcassets */ = {isa = PBXFileReference; lastKnownFileType = folder.assetcatalog; path = Assets.xcassets; sourceTree = "<group>"; };
		A64750202AA8A1BD00ED0DEC /* Info.plist */ = {isa = PBXFileReference; lastKnownFileType = text.plist.xml; path = Info.plist; sourceTree = "<group>"; };
		A64750292AA8A1BD00ED0DEC /* FaceRealityTests.swift */ = {isa = PBXFileReference; lastKnownFileType = sourcecode.swift; path = FaceRealityTests.swift; sourceTree = "<group>"; };
		A64750332AA8A1BD00ED0DEC /* FaceRealityUITests.swift */ = {isa = PBXFileReference; lastKnownFileType = sourcecode.swift; path = FaceRealityUITests.swift; sourceTree = "<group>"; };
		A64750352AA8A1BD00ED0DEC /* FaceRealityUITestsLaunchTests.swift */ = {isa = PBXFileReference; lastKnownFileType = sourcecode.swift; path = FaceRealityUITestsLaunchTests.swift; sourceTree = "<group>"; };
		A64750532AA8A23500ED0DEC /* FaceReality-Bridging-Header.h */ = {isa = PBXFileReference; lastKnownFileType = sourcecode.c.h; path = "FaceReality-Bridging-Header.h"; sourceTree = "<group>"; };
		A64750542AA8A23500ED0DEC /* ContentView.swift */ = {isa = PBXFileReference; lastKnownFileType = sourcecode.swift; path = ContentView.swift; sourceTree = "<group>"; };
		A64750592AA8A2AD00ED0DEC /* FRContentView.swift */ = {isa = PBXFileReference; lastKnownFileType = sourcecode.swift; path = FRContentView.swift; sourceTree = "<group>"; };
		A647505B2AA8A2D500ED0DEC /* ARModel.swift */ = {isa = PBXFileReference; lastKnownFileType = sourcecode.swift; path = ARModel.swift; sourceTree = "<group>"; };
		A647505D2AA8A2E700ED0DEC /* ARViewModel.swift */ = {isa = PBXFileReference; lastKnownFileType = sourcecode.swift; path = ARViewModel.swift; sourceTree = "<group>"; };
		A647505F2AA8A30100ED0DEC /* Unity.swift */ = {isa = PBXFileReference; lastKnownFileType = sourcecode.swift; path = Unity.swift; sourceTree = "<group>"; };
		A64750642AA8A44700ED0DEC /* FaceRealityApp.swift */ = {isa = PBXFileReference; lastKnownFileType = sourcecode.swift; path = FaceRealityApp.swift; sourceTree = "<group>"; };
		A64750672AA8A52C00ED0DEC /* LaunchScreen.storyboard */ = {isa = PBXFileReference; lastKnownFileType = file.storyboard; path = LaunchScreen.storyboard; sourceTree = "<group>"; };
		A647506A2AA8AB8D00ED0DEC /* Emotions.swift */ = {isa = PBXFileReference; lastKnownFileType = sourcecode.swift; path = Emotions.swift; sourceTree = "<group>"; };
		A647506C2AA8ABB100ED0DEC /* InfoPopup.swift */ = {isa = PBXFileReference; lastKnownFileType = sourcecode.swift; path = InfoPopup.swift; sourceTree = "<group>"; };
		A647506E2AA8ABDE00ED0DEC /* PopupView.swift */ = {isa = PBXFileReference; lastKnownFileType = sourcecode.swift; path = PopupView.swift; sourceTree = "<group>"; };
		A64750702AA8AC3400ED0DEC /* MusclesExpressionModel.swift */ = {isa = PBXFileReference; lastKnownFileType = sourcecode.swift; path = MusclesExpressionModel.swift; sourceTree = "<group>"; };
		A64750722AA8ACCE00ED0DEC /* Color.swift */ = {isa = PBXFileReference; lastKnownFileType = sourcecode.swift; path = Color.swift; sourceTree = "<group>"; };
		A64750742AA8BD6D00ED0DEC /* OnboardingView.swift */ = {isa = PBXFileReference; lastKnownFileType = sourcecode.swift; path = OnboardingView.swift; sourceTree = "<group>"; };
		A69E12832ABDC1B300479221 /* FaceRealityTests.xctest */ = {isa = PBXFileReference; explicitFileType = wrapper.cfbundle; includeInIndex = 0; path = FaceRealityTests.xctest; sourceTree = BUILT_PRODUCTS_DIR; };
		A69E12852ABDC1B300479221 /* FaceRealityTests.swift */ = {isa = PBXFileReference; lastKnownFileType = sourcecode.swift; path = FaceRealityTests.swift; sourceTree = "<group>"; };
		A69E12902ABDC1C100479221 /* FaceRealityUITests.xctest */ = {isa = PBXFileReference; explicitFileType = wrapper.cfbundle; includeInIndex = 0; path = FaceRealityUITests.xctest; sourceTree = BUILT_PRODUCTS_DIR; };
		A69E12922ABDC1C100479221 /* FaceRealityUITests.swift */ = {isa = PBXFileReference; lastKnownFileType = sourcecode.swift; path = FaceRealityUITests.swift; sourceTree = "<group>"; };
		A69E12942ABDC1C100479221 /* FaceRealityUITestsLaunchTests.swift */ = {isa = PBXFileReference; lastKnownFileType = sourcecode.swift; path = FaceRealityUITestsLaunchTests.swift; sourceTree = "<group>"; };
		A6A068B72ABB6B2C005CC2E4 /* Unity-iPhone.xcodeproj */ = {isa = PBXFileReference; lastKnownFileType = "wrapper.pb-project"; name = "Unity-iPhone.xcodeproj"; path = "../FaceReality-3D/Unity-iPhone.xcodeproj"; sourceTree = "<group>"; };
		A6A068C82ABB72B6005CC2E4 /* RedHatDisplay-Italic.ttf */ = {isa = PBXFileReference; lastKnownFileType = file; path = "RedHatDisplay-Italic.ttf"; sourceTree = "<group>"; };
		A6A068C92ABB72B6005CC2E4 /* RedHatDisplay.ttf */ = {isa = PBXFileReference; lastKnownFileType = file; path = RedHatDisplay.ttf; sourceTree = "<group>"; };
/* End PBXFileReference section */

/* Begin PBXFrameworksBuildPhase section */
		A647500C2AA8A1BC00ED0DEC /* Frameworks */ = {
			isa = PBXFrameworksBuildPhase;
			buildActionMask = 2147483647;
			files = (
				5A2478AD2AC1BF9A0090F9C7 /* FirebaseAnalytics in Frameworks */,
				5A2478AF2AC1BF9A0090F9C7 /* FirebaseAnalyticsWithoutAdIdSupport in Frameworks */,
				A6A068C32ABB6B3E005CC2E4 /* UnityFramework.framework in Frameworks */,
			);
			runOnlyForDeploymentPostprocessing = 0;
		};
		A69E12802ABDC1B300479221 /* Frameworks */ = {
			isa = PBXFrameworksBuildPhase;
			buildActionMask = 2147483647;
			files = (
			);
			runOnlyForDeploymentPostprocessing = 0;
		};
		A69E128D2ABDC1C100479221 /* Frameworks */ = {
			isa = PBXFrameworksBuildPhase;
			buildActionMask = 2147483647;
			files = (
			);
			runOnlyForDeploymentPostprocessing = 0;
		};
/* End PBXFrameworksBuildPhase section */

/* Begin PBXGroup section */
		5AAAF6032AD04EF50029D5FD /* Views */ = {
			isa = PBXGroup;
			children = (
				A64750542AA8A23500ED0DEC /* ContentView.swift */,
				A64750592AA8A2AD00ED0DEC /* FRContentView.swift */,
				A64750742AA8BD6D00ED0DEC /* OnboardingView.swift */,
				A647506E2AA8ABDE00ED0DEC /* PopupView.swift */,
			);
			path = Views;
			sourceTree = "<group>";
		};
		5AAAF6042AD04F2F0029D5FD /* View models */ = {
			isa = PBXGroup;
			children = (
				A647505D2AA8A2E700ED0DEC /* ARViewModel.swift */,
			);
			path = "View models";
			sourceTree = "<group>";
		};
		5AAAF6052AD04F570029D5FD /* Models */ = {
			isa = PBXGroup;
			children = (
				A647505B2AA8A2D500ED0DEC /* ARModel.swift */,
				A64750702AA8AC3400ED0DEC /* MusclesExpressionModel.swift */,
			);
			path = Models;
			sourceTree = "<group>";
		};
		5AAAF6062AD04F7F0029D5FD /* Components */ = {
			isa = PBXGroup;
			children = (
				A647506A2AA8AB8D00ED0DEC /* Emotions.swift */,
				A647506C2AA8ABB100ED0DEC /* InfoPopup.swift */,
				A64750722AA8ACCE00ED0DEC /* Color.swift */,
				A647501B2AA8A1BD00ED0DEC /* Assets.xcassets */,
				5A2478BE2AC317990090F9C7 /* Localizable.strings */,
				A6A068CC2ABB72B9005CC2E4 /* Fonts */,
			);
			path = Components;
			sourceTree = "<group>";
		};
		5AAAF6072AD04FFC0029D5FD /* Unity */ = {
			isa = PBXGroup;
			children = (
				A647505F2AA8A30100ED0DEC /* Unity.swift */,
				A64750672AA8A52C00ED0DEC /* LaunchScreen.storyboard */,
			);
			path = Unity;
			sourceTree = "<group>";
		};
		A64750062AA8A1BC00ED0DEC = {
			isa = PBXGroup;
			children = (
				5AAAF6082AD051300029D5FD /* GoogleService-Info.plist */,
				A6A068B72ABB6B2C005CC2E4 /* Unity-iPhone.xcodeproj */,
				A64750112AA8A1BC00ED0DEC /* FaceReality */,
				A64750282AA8A1BD00ED0DEC /* FaceRealityTests */,
				A64750322AA8A1BD00ED0DEC /* FaceRealityUITests */,
				A69E12842ABDC1B300479221 /* FaceRealityTests */,
				A69E12912ABDC1C100479221 /* FaceRealityUITests */,
				A64750102AA8A1BC00ED0DEC /* Products */,
				A647504E2AA8A1E900ED0DEC /* Frameworks */,
			);
			sourceTree = "<group>";
		};
		A64750102AA8A1BC00ED0DEC /* Products */ = {
			isa = PBXGroup;
			children = (
				A647500F2AA8A1BC00ED0DEC /* FaceReality.app */,
				A69E12832ABDC1B300479221 /* FaceRealityTests.xctest */,
				A69E12902ABDC1C100479221 /* FaceRealityUITests.xctest */,
			);
			name = Products;
			sourceTree = "<group>";
		};
		A64750112AA8A1BC00ED0DEC /* FaceReality */ = {
			isa = PBXGroup;
			children = (
				A64750642AA8A44700ED0DEC /* FaceRealityApp.swift */,
				5AAAF6072AD04FFC0029D5FD /* Unity */,
				5AAAF6062AD04F7F0029D5FD /* Components */,
				5AAAF6052AD04F570029D5FD /* Models */,
				5AAAF6042AD04F2F0029D5FD /* View models */,
				5AAAF6032AD04EF50029D5FD /* Views */,
				A64750532AA8A23500ED0DEC /* FaceReality-Bridging-Header.h */,
				A64750202AA8A1BD00ED0DEC /* Info.plist */,
			);
			path = FaceReality;
			sourceTree = "<group>";
		};
		A64750282AA8A1BD00ED0DEC /* FaceRealityTests */ = {
			isa = PBXGroup;
			children = (
				A64750292AA8A1BD00ED0DEC /* FaceRealityTests.swift */,
			);
			path = FaceRealityTests;
			sourceTree = "<group>";
		};
		A64750322AA8A1BD00ED0DEC /* FaceRealityUITests */ = {
			isa = PBXGroup;
			children = (
				A64750332AA8A1BD00ED0DEC /* FaceRealityUITests.swift */,
				A64750352AA8A1BD00ED0DEC /* FaceRealityUITestsLaunchTests.swift */,
			);
			path = FaceRealityUITests;
			sourceTree = "<group>";
		};
		A647504E2AA8A1E900ED0DEC /* Frameworks */ = {
			isa = PBXGroup;
			children = (
			);
			name = Frameworks;
			sourceTree = "<group>";
		};
		A69E12842ABDC1B300479221 /* FaceRealityTests */ = {
			isa = PBXGroup;
			children = (
				A69E12852ABDC1B300479221 /* FaceRealityTests.swift */,
			);
			path = FaceRealityTests;
			sourceTree = "<group>";
		};
		A69E12912ABDC1C100479221 /* FaceRealityUITests */ = {
			isa = PBXGroup;
			children = (
				A69E12922ABDC1C100479221 /* FaceRealityUITests.swift */,
				A69E12942ABDC1C100479221 /* FaceRealityUITestsLaunchTests.swift */,
			);
			path = FaceRealityUITests;
			sourceTree = "<group>";
		};
		A6A068B82ABB6B2C005CC2E4 /* Products */ = {
			isa = PBXGroup;
			children = (
				A6A068BE2ABB6B31005CC2E4 /* Unity-Target-New.app */,
				A6A068C02ABB6B31005CC2E4 /* Unity-iPhone Tests.xctest */,
				A6A068C22ABB6B31005CC2E4 /* UnityFramework.framework */,
			);
			name = Products;
			sourceTree = "<group>";
		};
		A6A068CC2ABB72B9005CC2E4 /* Fonts */ = {
			isa = PBXGroup;
			children = (
				A60E2E432AC5BC87003AF9F7 /* SFProText-Medium.otf */,
				A60E2E3E2AC5BC09003AF9F7 /* SFProText-Bold.otf */,
				A6A068C82ABB72B6005CC2E4 /* RedHatDisplay-Italic.ttf */,
				A6A068C92ABB72B6005CC2E4 /* RedHatDisplay.ttf */,
			);
			path = Fonts;
			sourceTree = "<group>";
		};
/* End PBXGroup section */

/* Begin PBXNativeTarget section */
		A647500E2AA8A1BC00ED0DEC /* FaceReality */ = {
			isa = PBXNativeTarget;
			buildConfigurationList = A64750392AA8A1BD00ED0DEC /* Build configuration list for PBXNativeTarget "FaceReality" */;
			buildPhases = (
				A647500B2AA8A1BC00ED0DEC /* Sources */,
				A647500C2AA8A1BC00ED0DEC /* Frameworks */,
				A647500D2AA8A1BC00ED0DEC /* Resources */,
				A64750512AA8A1EA00ED0DEC /* Embed Frameworks */,
			);
			buildRules = (
			);
			dependencies = (
			);
			name = FaceReality;
			packageProductDependencies = (
				5A2478AC2AC1BF9A0090F9C7 /* FirebaseAnalytics */,
				5A2478AE2AC1BF9A0090F9C7 /* FirebaseAnalyticsWithoutAdIdSupport */,
			);
			productName = FaceReality;
			productReference = A647500F2AA8A1BC00ED0DEC /* FaceReality.app */;
			productType = "com.apple.product-type.application";
		};
		A69E12822ABDC1B300479221 /* FaceRealityTests */ = {
			isa = PBXNativeTarget;
			buildConfigurationList = A69E12892ABDC1B300479221 /* Build configuration list for PBXNativeTarget "FaceRealityTests" */;
			buildPhases = (
				A69E127F2ABDC1B300479221 /* Sources */,
				A69E12802ABDC1B300479221 /* Frameworks */,
				A69E12812ABDC1B300479221 /* Resources */,
			);
			buildRules = (
			);
			dependencies = (
				A69E12882ABDC1B300479221 /* PBXTargetDependency */,
			);
			name = FaceRealityTests;
			productName = FaceRealityTests;
			productReference = A69E12832ABDC1B300479221 /* FaceRealityTests.xctest */;
			productType = "com.apple.product-type.bundle.unit-test";
		};
		A69E128F2ABDC1C100479221 /* FaceRealityUITests */ = {
			isa = PBXNativeTarget;
			buildConfigurationList = A69E12982ABDC1C100479221 /* Build configuration list for PBXNativeTarget "FaceRealityUITests" */;
			buildPhases = (
				A69E128C2ABDC1C100479221 /* Sources */,
				A69E128D2ABDC1C100479221 /* Frameworks */,
				A69E128E2ABDC1C100479221 /* Resources */,
			);
			buildRules = (
			);
			dependencies = (
				A69E12972ABDC1C100479221 /* PBXTargetDependency */,
			);
			name = FaceRealityUITests;
			productName = FaceRealityUITests;
			productReference = A69E12902ABDC1C100479221 /* FaceRealityUITests.xctest */;
			productType = "com.apple.product-type.bundle.ui-testing";
		};
/* End PBXNativeTarget section */

/* Begin PBXProject section */
		A64750072AA8A1BC00ED0DEC /* Project object */ = {
			isa = PBXProject;
			attributes = {
				BuildIndependentTargetsInParallel = 1;
				LastSwiftUpdateCheck = 1430;
				LastUpgradeCheck = 1430;
				TargetAttributes = {
					A647500E2AA8A1BC00ED0DEC = {
						CreatedOnToolsVersion = 14.3.1;
						LastSwiftMigration = 1430;
					};
					A69E12822ABDC1B300479221 = {
						CreatedOnToolsVersion = 14.3.1;
						TestTargetID = A647500E2AA8A1BC00ED0DEC;
					};
					A69E128F2ABDC1C100479221 = {
						CreatedOnToolsVersion = 14.3.1;
						TestTargetID = A647500E2AA8A1BC00ED0DEC;
					};
				};
			};
			buildConfigurationList = A647500A2AA8A1BC00ED0DEC /* Build configuration list for PBXProject "FaceReality" */;
			compatibilityVersion = "Xcode 14.0";
			developmentRegion = en;
			hasScannedForEncodings = 0;
			knownRegions = (
				en,
				Base,
				de,
				"pt-BR",
				es,
			);
			mainGroup = A64750062AA8A1BC00ED0DEC;
			packageReferences = (
				5A2478AB2AC1BF9A0090F9C7 /* XCRemoteSwiftPackageReference "firebase-ios-sdk" */,
			);
			productRefGroup = A64750102AA8A1BC00ED0DEC /* Products */;
			projectDirPath = "";
			projectReferences = (
				{
					ProductGroup = A6A068B82ABB6B2C005CC2E4 /* Products */;
					ProjectRef = A6A068B72ABB6B2C005CC2E4 /* Unity-iPhone.xcodeproj */;
				},
			);
			projectRoot = "";
			targets = (
				A647500E2AA8A1BC00ED0DEC /* FaceReality */,
				A69E12822ABDC1B300479221 /* FaceRealityTests */,
				A69E128F2ABDC1C100479221 /* FaceRealityUITests */,
			);
		};
/* End PBXProject section */

/* Begin PBXReferenceProxy section */
		A6A068BE2ABB6B31005CC2E4 /* Unity-Target-New.app */ = {
			isa = PBXReferenceProxy;
			fileType = wrapper.application;
			name = "Unity-Target-New.app";
			path = FaceAR.app;
			remoteRef = A6A068BD2ABB6B31005CC2E4 /* PBXContainerItemProxy */;
			sourceTree = BUILT_PRODUCTS_DIR;
		};
		A6A068C02ABB6B31005CC2E4 /* Unity-iPhone Tests.xctest */ = {
			isa = PBXReferenceProxy;
			fileType = wrapper.cfbundle;
			path = "Unity-iPhone Tests.xctest";
			remoteRef = A6A068BF2ABB6B31005CC2E4 /* PBXContainerItemProxy */;
			sourceTree = BUILT_PRODUCTS_DIR;
		};
		A6A068C22ABB6B31005CC2E4 /* UnityFramework.framework */ = {
			isa = PBXReferenceProxy;
			fileType = wrapper.framework;
			path = UnityFramework.framework;
			remoteRef = A6A068C12ABB6B31005CC2E4 /* PBXContainerItemProxy */;
			sourceTree = BUILT_PRODUCTS_DIR;
		};
/* End PBXReferenceProxy section */

/* Begin PBXResourcesBuildPhase section */
		A647500D2AA8A1BC00ED0DEC /* Resources */ = {
			isa = PBXResourcesBuildPhase;
			buildActionMask = 2147483647;
			files = (
				A6A068CB2ABB72B6005CC2E4 /* RedHatDisplay.ttf in Resources */,
				5AAAF6092AD051310029D5FD /* GoogleService-Info.plist in Resources */,
				A60E2E422AC5BC09003AF9F7 /* SFProText-Bold.otf in Resources */,
				A60E2E442AC5BC87003AF9F7 /* SFProText-Medium.otf in Resources */,
				5A2478BC2AC317990090F9C7 /* Localizable.strings in Resources */,
				A64750682AA8A52C00ED0DEC /* LaunchScreen.storyboard in Resources */,
				A647501C2AA8A1BD00ED0DEC /* Assets.xcassets in Resources */,
				A6A068CA2ABB72B6005CC2E4 /* RedHatDisplay-Italic.ttf in Resources */,
			);
			runOnlyForDeploymentPostprocessing = 0;
		};
		A69E12812ABDC1B300479221 /* Resources */ = {
			isa = PBXResourcesBuildPhase;
			buildActionMask = 2147483647;
			files = (
			);
			runOnlyForDeploymentPostprocessing = 0;
		};
		A69E128E2ABDC1C100479221 /* Resources */ = {
			isa = PBXResourcesBuildPhase;
			buildActionMask = 2147483647;
			files = (
			);
			runOnlyForDeploymentPostprocessing = 0;
		};
/* End PBXResourcesBuildPhase section */

/* Begin PBXSourcesBuildPhase section */
		A647500B2AA8A1BC00ED0DEC /* Sources */ = {
			isa = PBXSourcesBuildPhase;
			buildActionMask = 2147483647;
			files = (
				A647506F2AA8ABDE00ED0DEC /* PopupView.swift in Sources */,
				A64750732AA8ACCE00ED0DEC /* Color.swift in Sources */,
				A647506B2AA8AB8D00ED0DEC /* Emotions.swift in Sources */,
				A647505C2AA8A2D500ED0DEC /* ARModel.swift in Sources */,
				A647506D2AA8ABB100ED0DEC /* InfoPopup.swift in Sources */,
				A64750712AA8AC3400ED0DEC /* MusclesExpressionModel.swift in Sources */,
				A647505A2AA8A2AD00ED0DEC /* FRContentView.swift in Sources */,
				A64750552AA8A23500ED0DEC /* ContentView.swift in Sources */,
				A64750652AA8A44700ED0DEC /* FaceRealityApp.swift in Sources */,
				A64750752AA8BD6D00ED0DEC /* OnboardingView.swift in Sources */,
				A647505E2AA8A2E700ED0DEC /* ARViewModel.swift in Sources */,
				A64750602AA8A30100ED0DEC /* Unity.swift in Sources */,
			);
			runOnlyForDeploymentPostprocessing = 0;
		};
		A69E127F2ABDC1B300479221 /* Sources */ = {
			isa = PBXSourcesBuildPhase;
			buildActionMask = 2147483647;
			files = (
				A69E12862ABDC1B300479221 /* FaceRealityTests.swift in Sources */,
			);
			runOnlyForDeploymentPostprocessing = 0;
		};
		A69E128C2ABDC1C100479221 /* Sources */ = {
			isa = PBXSourcesBuildPhase;
			buildActionMask = 2147483647;
			files = (
				A69E12952ABDC1C100479221 /* FaceRealityUITestsLaunchTests.swift in Sources */,
				A69E12932ABDC1C100479221 /* FaceRealityUITests.swift in Sources */,
			);
			runOnlyForDeploymentPostprocessing = 0;
		};
/* End PBXSourcesBuildPhase section */

/* Begin PBXTargetDependency section */
		A69E12882ABDC1B300479221 /* PBXTargetDependency */ = {
			isa = PBXTargetDependency;
			target = A647500E2AA8A1BC00ED0DEC /* FaceReality */;
			targetProxy = A69E12872ABDC1B300479221 /* PBXContainerItemProxy */;
		};
		A69E12972ABDC1C100479221 /* PBXTargetDependency */ = {
			isa = PBXTargetDependency;
			target = A647500E2AA8A1BC00ED0DEC /* FaceReality */;
			targetProxy = A69E12962ABDC1C100479221 /* PBXContainerItemProxy */;
		};
/* End PBXTargetDependency section */

/* Begin PBXVariantGroup section */
		5A2478BE2AC317990090F9C7 /* Localizable.strings */ = {
			isa = PBXVariantGroup;
			children = (
				5A2478BD2AC317990090F9C7 /* en */,
				5A2478C02AC64FFA0090F9C7 /* de */,
				5A2478C22AC650020090F9C7 /* pt-BR */,
				5A2478C42AC665920090F9C7 /* es */,
			);
			name = Localizable.strings;
			sourceTree = "<group>";
		};
/* End PBXVariantGroup section */

/* Begin XCBuildConfiguration section */
		A64750372AA8A1BD00ED0DEC /* Debug */ = {
			isa = XCBuildConfiguration;
			buildSettings = {
				ALWAYS_SEARCH_USER_PATHS = NO;
				CLANG_ANALYZER_LOCALIZABILITY_NONLOCALIZED = YES;
				CLANG_ANALYZER_NONNULL = YES;
				CLANG_ANALYZER_NUMBER_OBJECT_CONVERSION = YES_AGGRESSIVE;
				CLANG_CXX_LANGUAGE_STANDARD = "gnu++20";
				CLANG_ENABLE_MODULES = YES;
				CLANG_ENABLE_OBJC_ARC = YES;
				CLANG_ENABLE_OBJC_WEAK = YES;
				CLANG_WARN_BLOCK_CAPTURE_AUTORELEASING = YES;
				CLANG_WARN_BOOL_CONVERSION = YES;
				CLANG_WARN_COMMA = YES;
				CLANG_WARN_CONSTANT_CONVERSION = YES;
				CLANG_WARN_DEPRECATED_OBJC_IMPLEMENTATIONS = YES;
				CLANG_WARN_DIRECT_OBJC_ISA_USAGE = YES_ERROR;
				CLANG_WARN_DOCUMENTATION_COMMENTS = YES;
				CLANG_WARN_EMPTY_BODY = YES;
				CLANG_WARN_ENUM_CONVERSION = YES;
				CLANG_WARN_INFINITE_RECURSION = YES;
				CLANG_WARN_INT_CONVERSION = YES;
				CLANG_WARN_NON_LITERAL_NULL_CONVERSION = YES;
				CLANG_WARN_OBJC_IMPLICIT_RETAIN_SELF = YES;
				CLANG_WARN_OBJC_LITERAL_CONVERSION = YES;
				CLANG_WARN_OBJC_ROOT_CLASS = YES_ERROR;
				CLANG_WARN_QUOTED_INCLUDE_IN_FRAMEWORK_HEADER = YES;
				CLANG_WARN_RANGE_LOOP_ANALYSIS = YES;
				CLANG_WARN_STRICT_PROTOTYPES = YES;
				CLANG_WARN_SUSPICIOUS_MOVE = YES;
				CLANG_WARN_UNGUARDED_AVAILABILITY = YES_AGGRESSIVE;
				CLANG_WARN_UNREACHABLE_CODE = YES;
				CLANG_WARN__DUPLICATE_METHOD_MATCH = YES;
				COPY_PHASE_STRIP = NO;
				DEBUG_INFORMATION_FORMAT = dwarf;
				ENABLE_STRICT_OBJC_MSGSEND = YES;
				ENABLE_TESTABILITY = YES;
				GCC_C_LANGUAGE_STANDARD = gnu11;
				GCC_DYNAMIC_NO_PIC = NO;
				GCC_NO_COMMON_BLOCKS = YES;
				GCC_OPTIMIZATION_LEVEL = 0;
				GCC_PREPROCESSOR_DEFINITIONS = (
					"DEBUG=1",
					"$(inherited)",
				);
				GCC_WARN_64_TO_32_BIT_CONVERSION = YES;
				GCC_WARN_ABOUT_RETURN_TYPE = YES_ERROR;
				GCC_WARN_UNDECLARED_SELECTOR = YES;
				GCC_WARN_UNINITIALIZED_AUTOS = YES_AGGRESSIVE;
				GCC_WARN_UNUSED_FUNCTION = YES;
				GCC_WARN_UNUSED_VARIABLE = YES;
				IPHONEOS_DEPLOYMENT_TARGET = 16.4;
				MTL_ENABLE_DEBUG_INFO = INCLUDE_SOURCE;
				MTL_FAST_MATH = YES;
				ONLY_ACTIVE_ARCH = YES;
				SDKROOT = iphoneos;
				SWIFT_ACTIVE_COMPILATION_CONDITIONS = DEBUG;
				SWIFT_OPTIMIZATION_LEVEL = "-Onone";
			};
			name = Debug;
		};
		A64750382AA8A1BD00ED0DEC /* Release */ = {
			isa = XCBuildConfiguration;
			buildSettings = {
				ALWAYS_SEARCH_USER_PATHS = NO;
				CLANG_ANALYZER_LOCALIZABILITY_NONLOCALIZED = YES;
				CLANG_ANALYZER_NONNULL = YES;
				CLANG_ANALYZER_NUMBER_OBJECT_CONVERSION = YES_AGGRESSIVE;
				CLANG_CXX_LANGUAGE_STANDARD = "gnu++20";
				CLANG_ENABLE_MODULES = YES;
				CLANG_ENABLE_OBJC_ARC = YES;
				CLANG_ENABLE_OBJC_WEAK = YES;
				CLANG_WARN_BLOCK_CAPTURE_AUTORELEASING = YES;
				CLANG_WARN_BOOL_CONVERSION = YES;
				CLANG_WARN_COMMA = YES;
				CLANG_WARN_CONSTANT_CONVERSION = YES;
				CLANG_WARN_DEPRECATED_OBJC_IMPLEMENTATIONS = YES;
				CLANG_WARN_DIRECT_OBJC_ISA_USAGE = YES_ERROR;
				CLANG_WARN_DOCUMENTATION_COMMENTS = YES;
				CLANG_WARN_EMPTY_BODY = YES;
				CLANG_WARN_ENUM_CONVERSION = YES;
				CLANG_WARN_INFINITE_RECURSION = YES;
				CLANG_WARN_INT_CONVERSION = YES;
				CLANG_WARN_NON_LITERAL_NULL_CONVERSION = YES;
				CLANG_WARN_OBJC_IMPLICIT_RETAIN_SELF = YES;
				CLANG_WARN_OBJC_LITERAL_CONVERSION = YES;
				CLANG_WARN_OBJC_ROOT_CLASS = YES_ERROR;
				CLANG_WARN_QUOTED_INCLUDE_IN_FRAMEWORK_HEADER = YES;
				CLANG_WARN_RANGE_LOOP_ANALYSIS = YES;
				CLANG_WARN_STRICT_PROTOTYPES = YES;
				CLANG_WARN_SUSPICIOUS_MOVE = YES;
				CLANG_WARN_UNGUARDED_AVAILABILITY = YES_AGGRESSIVE;
				CLANG_WARN_UNREACHABLE_CODE = YES;
				CLANG_WARN__DUPLICATE_METHOD_MATCH = YES;
				COPY_PHASE_STRIP = NO;
				DEBUG_INFORMATION_FORMAT = "dwarf-with-dsym";
				ENABLE_NS_ASSERTIONS = NO;
				ENABLE_STRICT_OBJC_MSGSEND = YES;
				GCC_C_LANGUAGE_STANDARD = gnu11;
				GCC_NO_COMMON_BLOCKS = YES;
				GCC_WARN_64_TO_32_BIT_CONVERSION = YES;
				GCC_WARN_ABOUT_RETURN_TYPE = YES_ERROR;
				GCC_WARN_UNDECLARED_SELECTOR = YES;
				GCC_WARN_UNINITIALIZED_AUTOS = YES_AGGRESSIVE;
				GCC_WARN_UNUSED_FUNCTION = YES;
				GCC_WARN_UNUSED_VARIABLE = YES;
				IPHONEOS_DEPLOYMENT_TARGET = 16.4;
				MTL_ENABLE_DEBUG_INFO = NO;
				MTL_FAST_MATH = YES;
				SDKROOT = iphoneos;
				SWIFT_COMPILATION_MODE = wholemodule;
				SWIFT_OPTIMIZATION_LEVEL = "-O";
				VALIDATE_PRODUCT = YES;
			};
			name = Release;
		};
		A647503A2AA8A1BD00ED0DEC /* Debug */ = {
			isa = XCBuildConfiguration;
			buildSettings = {
				ASSETCATALOG_COMPILER_APPICON_NAME = AppIcon;
				ASSETCATALOG_COMPILER_GLOBAL_ACCENT_COLOR_NAME = AccentColor;
				CLANG_ENABLE_MODULES = YES;
				CODE_SIGN_STYLE = Automatic;
				CURRENT_PROJECT_VERSION = 3;
				DEVELOPMENT_TEAM = VNH67NDAE6;
				GENERATE_INFOPLIST_FILE = YES;
				INFOPLIST_FILE = FaceReality/Info.plist;
				INFOPLIST_KEY_NSCameraUsageDescription = "FaceReality camera use";
				INFOPLIST_KEY_UIApplicationSupportsIndirectInputEvents = YES;
				INFOPLIST_KEY_UILaunchStoryboardName = LaunchScreen.storyboard;
				INFOPLIST_KEY_UIMainStoryboardFile = Main;
				INFOPLIST_KEY_UISupportedInterfaceOrientations = UIInterfaceOrientationPortrait;
				LD_RUNPATH_SEARCH_PATHS = (
					"$(inherited)",
					"@executable_path/Frameworks",
				);
				MARKETING_VERSION = 2.1;
				PRODUCT_BUNDLE_IDENTIFIER = lclr.academy.cin.br.FaceReality;
				PRODUCT_NAME = "$(TARGET_NAME)";
				SWIFT_EMIT_LOC_STRINGS = YES;
				SWIFT_OBJC_BRIDGING_HEADER = "FaceReality/FaceReality-Bridging-Header.h";
				SWIFT_OPTIMIZATION_LEVEL = "-Onone";
				SWIFT_VERSION = 5.0;
				TARGETED_DEVICE_FAMILY = "1,2";
			};
			name = Debug;
		};
		A647503B2AA8A1BD00ED0DEC /* Release */ = {
			isa = XCBuildConfiguration;
			buildSettings = {
				ASSETCATALOG_COMPILER_APPICON_NAME = AppIcon;
				ASSETCATALOG_COMPILER_GLOBAL_ACCENT_COLOR_NAME = AccentColor;
				CLANG_ENABLE_MODULES = YES;
				CODE_SIGN_STYLE = Automatic;
				CURRENT_PROJECT_VERSION = 3;
				DEVELOPMENT_TEAM = VNH67NDAE6;
				GENERATE_INFOPLIST_FILE = YES;
				INFOPLIST_FILE = FaceReality/Info.plist;
				INFOPLIST_KEY_NSCameraUsageDescription = "FaceReality camera use";
				INFOPLIST_KEY_UIApplicationSupportsIndirectInputEvents = YES;
				INFOPLIST_KEY_UILaunchStoryboardName = LaunchScreen.storyboard;
				INFOPLIST_KEY_UIMainStoryboardFile = Main;
				INFOPLIST_KEY_UISupportedInterfaceOrientations = UIInterfaceOrientationPortrait;
				LD_RUNPATH_SEARCH_PATHS = (
					"$(inherited)",
					"@executable_path/Frameworks",
				);
				MARKETING_VERSION = 2.1;
				PRODUCT_BUNDLE_IDENTIFIER = lclr.academy.cin.br.FaceReality;
				PRODUCT_NAME = "$(TARGET_NAME)";
				SWIFT_EMIT_LOC_STRINGS = YES;
				SWIFT_OBJC_BRIDGING_HEADER = "FaceReality/FaceReality-Bridging-Header.h";
				SWIFT_VERSION = 5.0;
				TARGETED_DEVICE_FAMILY = "1,2";
			};
			name = Release;
		};
		A69E128A2ABDC1B300479221 /* Debug */ = {
			isa = XCBuildConfiguration;
			buildSettings = {
				BUNDLE_LOADER = "$(TEST_HOST)";
				CODE_SIGN_STYLE = Automatic;
				CURRENT_PROJECT_VERSION = 1;
				DEVELOPMENT_TEAM = VNH67NDAE6;
				GENERATE_INFOPLIST_FILE = YES;
				MARKETING_VERSION = 1.0;
				PRODUCT_BUNDLE_IDENTIFIER = br.ufpe.academy.FaceRealityTests;
				PRODUCT_NAME = "$(TARGET_NAME)";
				SWIFT_EMIT_LOC_STRINGS = NO;
				SWIFT_VERSION = 5.0;
				TARGETED_DEVICE_FAMILY = "1,2";
				TEST_HOST = "$(BUILT_PRODUCTS_DIR)/FaceReality.app/$(BUNDLE_EXECUTABLE_FOLDER_PATH)/FaceReality";
			};
			name = Debug;
		};
		A69E128B2ABDC1B300479221 /* Release */ = {
			isa = XCBuildConfiguration;
			buildSettings = {
				BUNDLE_LOADER = "$(TEST_HOST)";
				CODE_SIGN_STYLE = Automatic;
				CURRENT_PROJECT_VERSION = 1;
				DEVELOPMENT_TEAM = VNH67NDAE6;
				GENERATE_INFOPLIST_FILE = YES;
				MARKETING_VERSION = 1.0;
				PRODUCT_BUNDLE_IDENTIFIER = br.ufpe.academy.FaceRealityTests;
				PRODUCT_NAME = "$(TARGET_NAME)";
				SWIFT_EMIT_LOC_STRINGS = NO;
				SWIFT_VERSION = 5.0;
				TARGETED_DEVICE_FAMILY = "1,2";
				TEST_HOST = "$(BUILT_PRODUCTS_DIR)/FaceReality.app/$(BUNDLE_EXECUTABLE_FOLDER_PATH)/FaceReality";
			};
			name = Release;
		};
		A69E12992ABDC1C100479221 /* Debug */ = {
			isa = XCBuildConfiguration;
			buildSettings = {
				CODE_SIGN_STYLE = Automatic;
				CURRENT_PROJECT_VERSION = 1;
				DEVELOPMENT_TEAM = VNH67NDAE6;
				GENERATE_INFOPLIST_FILE = YES;
				MARKETING_VERSION = 1.0;
				PRODUCT_BUNDLE_IDENTIFIER = br.ufpe.academy.FaceRealityUITests;
				PRODUCT_NAME = "$(TARGET_NAME)";
				PROVISIONING_PROFILE = "";
				SWIFT_EMIT_LOC_STRINGS = NO;
				SWIFT_VERSION = 5.0;
				TARGETED_DEVICE_FAMILY = "1,2";
				TEST_TARGET_NAME = FaceReality;
			};
			name = Debug;
		};
		A69E129A2ABDC1C100479221 /* Release */ = {
			isa = XCBuildConfiguration;
			buildSettings = {
				CODE_SIGN_STYLE = Automatic;
				CURRENT_PROJECT_VERSION = 1;
				DEVELOPMENT_TEAM = VNH67NDAE6;
				GENERATE_INFOPLIST_FILE = YES;
				MARKETING_VERSION = 1.0;
				PRODUCT_BUNDLE_IDENTIFIER = br.ufpe.academy.FaceRealityUITests;
				PRODUCT_NAME = "$(TARGET_NAME)";
				PROVISIONING_PROFILE = "";
				SWIFT_EMIT_LOC_STRINGS = NO;
				SWIFT_VERSION = 5.0;
				TARGETED_DEVICE_FAMILY = "1,2";
				TEST_TARGET_NAME = FaceReality;
			};
			name = Release;
		};
/* End XCBuildConfiguration section */

/* Begin XCConfigurationList section */
		A647500A2AA8A1BC00ED0DEC /* Build configuration list for PBXProject "FaceReality" */ = {
			isa = XCConfigurationList;
			buildConfigurations = (
				A64750372AA8A1BD00ED0DEC /* Debug */,
				A64750382AA8A1BD00ED0DEC /* Release */,
			);
			defaultConfigurationIsVisible = 0;
			defaultConfigurationName = Release;
		};
		A64750392AA8A1BD00ED0DEC /* Build configuration list for PBXNativeTarget "FaceReality" */ = {
			isa = XCConfigurationList;
			buildConfigurations = (
				A647503A2AA8A1BD00ED0DEC /* Debug */,
				A647503B2AA8A1BD00ED0DEC /* Release */,
			);
			defaultConfigurationIsVisible = 0;
			defaultConfigurationName = Release;
		};
		A69E12892ABDC1B300479221 /* Build configuration list for PBXNativeTarget "FaceRealityTests" */ = {
			isa = XCConfigurationList;
			buildConfigurations = (
				A69E128A2ABDC1B300479221 /* Debug */,
				A69E128B2ABDC1B300479221 /* Release */,
			);
			defaultConfigurationIsVisible = 0;
			defaultConfigurationName = Release;
		};
		A69E12982ABDC1C100479221 /* Build configuration list for PBXNativeTarget "FaceRealityUITests" */ = {
			isa = XCConfigurationList;
			buildConfigurations = (
				A69E12992ABDC1C100479221 /* Debug */,
				A69E129A2ABDC1C100479221 /* Release */,
			);
			defaultConfigurationIsVisible = 0;
			defaultConfigurationName = Release;
		};
/* End XCConfigurationList section */

/* Begin XCRemoteSwiftPackageReference section */
		5A2478AB2AC1BF9A0090F9C7 /* XCRemoteSwiftPackageReference "firebase-ios-sdk" */ = {
			isa = XCRemoteSwiftPackageReference;
			repositoryURL = "https://github.com/firebase/firebase-ios-sdk";
			requirement = {
				kind = upToNextMajorVersion;
				minimumVersion = 10.0.0;
			};
		};
/* End XCRemoteSwiftPackageReference section */

/* Begin XCSwiftPackageProductDependency section */
		5A2478AC2AC1BF9A0090F9C7 /* FirebaseAnalytics */ = {
			isa = XCSwiftPackageProductDependency;
			package = 5A2478AB2AC1BF9A0090F9C7 /* XCRemoteSwiftPackageReference "firebase-ios-sdk" */;
			productName = FirebaseAnalytics;
		};
		5A2478AE2AC1BF9A0090F9C7 /* FirebaseAnalyticsWithoutAdIdSupport */ = {
			isa = XCSwiftPackageProductDependency;
			package = 5A2478AB2AC1BF9A0090F9C7 /* XCRemoteSwiftPackageReference "firebase-ios-sdk" */;
			productName = FirebaseAnalyticsWithoutAdIdSupport;
		};
/* End XCSwiftPackageProductDependency section */
	};
	rootObject = A64750072AA8A1BC00ED0DEC /* Project object */;
}
